
Microsoft Visual Studio Solution File, Format Version 12.00
# Visual Studio Version 17
VisualStudioVersion = 17.10.35027.167
MinimumVisualStudioVersion = 10.0.40219.1
Project("{2150E333-8FDC-42A3-9474-1A3956D46DE8}") = "src", "src", "{5AD4E093-642C-4253-B6CF-B0612C58AD63}"
EndProject
Project("{FAE04EC0-301F-11D3-BF4B-00C04F79EFBC}") = "Domain", "Domain\Domain.csproj", "{21A1D158-D254-4A4D-8695-A2C53334AC08}"
EndProject
Project("{FAE04EC0-301F-11D3-BF4B-00C04F79EFBC}") = "Application", "Appliaction\Application.csproj", "{FB5BECF2-E467-4877-8FBF-ACA9E4A75ACE}"
EndProject
Project("{FAE04EC0-301F-11D3-BF4B-00C04F79EFBC}") = "Infrastructure", "Infrastructure\Infrastructure.csproj", "{8BFF5A89-3379-4615-8F06-981D8B6B9EE6}"
EndProject
Project("{FAE04EC0-301F-11D3-BF4B-00C04F79EFBC}") = "Presentation", "Presentation\Presentation.csproj", "{3FC20D4B-9F00-44A9-9DCF-FDE9B38DE1A7}"
EndProject
Project("{FAE04EC0-301F-11D3-BF4B-00C04F79EFBC}") = "WebApi", "WebApi\WebApi.csproj", "{41061E9A-EE9D-494E-8F65-96D713611388}"
EndProject
Global
	GlobalSection(SolutionConfigurationPlatforms) = preSolution
		Debug|Any CPU = Debug|Any CPU
		Release|Any CPU = Release|Any CPU
	EndGlobalSection
	GlobalSection(ProjectConfigurationPlatforms) = postSolution
		{21A1D158-D254-4A4D-8695-A2C53334AC08}.Debug|Any CPU.ActiveCfg = Debug|Any CPU
		{21A1D158-D254-4A4D-8695-A2C53334AC08}.Debug|Any CPU.Build.0 = Debug|Any CPU
		{21A1D158-D254-4A4D-8695-A2C53334AC08}.Release|Any CPU.ActiveCfg = Release|Any CPU
		{21A1D158-D254-4A4D-8695-A2C53334AC08}.Release|Any CPU.Build.0 = Release|Any CPU
		{FB5BECF2-E467-4877-8FBF-ACA9E4A75ACE}.Debug|Any CPU.ActiveCfg = Debug|Any CPU
		{FB5BECF2-E467-4877-8FBF-ACA9E4A75ACE}.Debug|Any CPU.Build.0 = Debug|Any CPU
		{FB5BECF2-E467-4877-8FBF-ACA9E4A75ACE}.Release|Any CPU.ActiveCfg = Release|Any CPU
		{FB5BECF2-E467-4877-8FBF-ACA9E4A75ACE}.Release|Any CPU.Build.0 = Release|Any CPU
		{8BFF5A89-3379-4615-8F06-981D8B6B9EE6}.Debug|Any CPU.ActiveCfg = Debug|Any CPU
		{8BFF5A89-3379-4615-8F06-981D8B6B9EE6}.Debug|Any CPU.Build.0 = Debug|Any CPU
		{8BFF5A89-3379-4615-8F06-981D8B6B9EE6}.Release|Any CPU.ActiveCfg = Release|Any CPU
		{8BFF5A89-3379-4615-8F06-981D8B6B9EE6}.Release|Any CPU.Build.0 = Release|Any CPU
		{3FC20D4B-9F00-44A9-9DCF-FDE9B38DE1A7}.Debug|Any CPU.ActiveCfg = Debug|Any CPU
		{3FC20D4B-9F00-44A9-9DCF-FDE9B38DE1A7}.Debug|Any CPU.Build.0 = Debug|Any CPU
		{3FC20D4B-9F00-44A9-9DCF-FDE9B38DE1A7}.Release|Any CPU.ActiveCfg = Release|Any CPU
		{3FC20D4B-9F00-44A9-9DCF-FDE9B38DE1A7}.Release|Any CPU.Build.0 = Release|Any CPU
		{41061E9A-EE9D-494E-8F65-96D713611388}.Debug|Any CPU.ActiveCfg = Debug|Any CPU
		{41061E9A-EE9D-494E-8F65-96D713611388}.Debug|Any CPU.Build.0 = Debug|Any CPU
		{41061E9A-EE9D-494E-8F65-96D713611388}.Release|Any CPU.ActiveCfg = Release|Any CPU
		{41061E9A-EE9D-494E-8F65-96D713611388}.Release|Any CPU.Build.0 = Release|Any CPU
	EndGlobalSection
	GlobalSection(SolutionProperties) = preSolution
		HideSolutionNode = FALSE
	EndGlobalSection
	GlobalSection(NestedProjects) = preSolution
		{21A1D158-D254-4A4D-8695-A2C53334AC08} = {5AD4E093-642C-4253-B6CF-B0612C58AD63}
		{FB5BECF2-E467-4877-8FBF-ACA9E4A75ACE} = {5AD4E093-642C-4253-B6CF-B0612C58AD63}
		{8BFF5A89-3379-4615-8F06-981D8B6B9EE6} = {5AD4E093-642C-4253-B6CF-B0612C58AD63}
		{3FC20D4B-9F00-44A9-9DCF-FDE9B38DE1A7} = {5AD4E093-642C-4253-B6CF-B0612C58AD63}
		{41061E9A-EE9D-494E-8F65-96D713611388} = {5AD4E093-642C-4253-B6CF-B0612C58AD63}
	EndGlobalSection
	GlobalSection(ExtensibilityGlobals) = postSolution
		SolutionGuid = {C9B80427-CA4A-4AE7-869C-CC3010B0DE8D}
	EndGlobalSection
EndGlobal
